
Microsoft Visual Studio Solution File, Format Version 12.00
# Visual Studio Version 17
VisualStudioVersion = 17.11.35219.272
MinimumVisualStudioVersion = 10.0.40219.1
Project("{FAE04EC0-301F-11D3-BF4B-00C04F79EFBC}") = "hospital management system c#", "hospital management system c#\hospital management system c#.csproj", "{986E633C-3401-4BA7-93FD-4A003A3DCC63}"
EndProject
Global
	GlobalSection(SolutionConfigurationPlatforms) = preSolution
		Debug|Any CPU = Debug|Any CPU
		Release|Any CPU = Release|Any CPU
	EndGlobalSection
	GlobalSection(ProjectConfigurationPlatforms) = postSolution
		{986E633C-3401-4BA7-93FD-4A003A3DCC63}.Debug|Any CPU.ActiveCfg = Debug|Any CPU
		{986E633C-3401-4BA7-93FD-4A003A3DCC63}.Debug|Any CPU.Build.0 = Debug|Any CPU
		{986E633C-3401-4BA7-93FD-4A003A3DCC63}.Release|Any CPU.ActiveCfg = Release|Any CPU
		{986E633C-3401-4BA7-93FD-4A003A3DCC63}.Release|Any CPU.Build.0 = Release|Any CPU
	EndGlobalSection
	GlobalSection(SolutionProperties) = preSolution
		HideSolutionNode = FALSE
	EndGlobalSection
	GlobalSection(ExtensibilityGlobals) = postSolution
		SolutionGuid = {AE4071CF-A34F-4FDC-8DA8-59CA8584CE11}
	EndGlobalSection
EndGlobal
